
Microsoft Visual Studio Solution File, Format Version 12.00
# Visual Studio 15
VisualStudioVersion = 15.0.28307.1145
MinimumVisualStudioVersion = 10.0.40219.1
Project("{8BC9CEB8-8B4A-11D0-8D11-00A0C91BC942}") = "CppStudy", "CppStudy\CppStudy.vcxproj", "{F3BAA249-503E-4F00-8D03-20A4883567DD}"
EndProject
Project("{8BC9CEB8-8B4A-11D0-8D11-00A0C91BC942}") = "Chapter1_1", "Chapter1_1\Chapter1_1.vcxproj", "{CF88C214-8A47-40EA-AF7D-BF65797C4272}"
EndProject
Project("{8BC9CEB8-8B4A-11D0-8D11-00A0C91BC942}") = "Chapter1_2", "Chapter1_2\Chapter1_2.vcxproj", "{D0FB558E-EC36-4CF5-8089-06746544D7C3}"
EndProject
Project("{8BC9CEB8-8B4A-11D0-8D11-00A0C91BC942}") = "Chapter1_3", "Chapter1_3\Chapter1_3.vcxproj", "{D3F02CCA-F451-45C0-9064-9818D82C8EDF}"
EndProject
Project("{8BC9CEB8-8B4A-11D0-8D11-00A0C91BC942}") = "Chapter1_4", "Chapter1_4\Chapter1_4.vcxproj", "{75D9295E-31B4-4A98-B9C4-C08BD2936333}"
EndProject
Project("{8BC9CEB8-8B4A-11D0-8D11-00A0C91BC942}") = "Chapter2_1", "Chapter2_1\Chapter2_1.vcxproj", "{20F137C8-0685-4DDB-ABAB-0C902D7CCF2E}"
EndProject
Project("{8BC9CEB8-8B4A-11D0-8D11-00A0C91BC942}") = "Chapter2_2", "Chapter2_2\Chapter2_2.vcxproj", "{3B80BB0C-5D9E-4F8D-921C-8D9034D0B99C}"
EndProject
Project("{8BC9CEB8-8B4A-11D0-8D11-00A0C91BC942}") = "Chapter2_3", "Chapter2_3\Chapter2_3.vcxproj", "{A06C503D-E8C5-49A2-8BDF-8AC8DFED5E56}"
EndProject
Project("{8BC9CEB8-8B4A-11D0-8D11-00A0C91BC942}") = "Chapter2_4", "Chapter2_4\Chapter2_4.vcxproj", "{05EFFA34-6472-4645-8F5B-FDA93306E51A}"
EndProject
Global
	GlobalSection(SolutionConfigurationPlatforms) = preSolution
		Debug|x64 = Debug|x64
		Debug|x86 = Debug|x86
		Release|x64 = Release|x64
		Release|x86 = Release|x86
	EndGlobalSection
	GlobalSection(ProjectConfigurationPlatforms) = postSolution
		{F3BAA249-503E-4F00-8D03-20A4883567DD}.Debug|x64.ActiveCfg = Debug|x64
		{F3BAA249-503E-4F00-8D03-20A4883567DD}.Debug|x64.Build.0 = Debug|x64
		{F3BAA249-503E-4F00-8D03-20A4883567DD}.Debug|x86.ActiveCfg = Debug|Win32
		{F3BAA249-503E-4F00-8D03-20A4883567DD}.Debug|x86.Build.0 = Debug|Win32
		{F3BAA249-503E-4F00-8D03-20A4883567DD}.Release|x64.ActiveCfg = Release|x64
		{F3BAA249-503E-4F00-8D03-20A4883567DD}.Release|x64.Build.0 = Release|x64
		{F3BAA249-503E-4F00-8D03-20A4883567DD}.Release|x86.ActiveCfg = Release|Win32
		{F3BAA249-503E-4F00-8D03-20A4883567DD}.Release|x86.Build.0 = Release|Win32
		{CF88C214-8A47-40EA-AF7D-BF65797C4272}.Debug|x64.ActiveCfg = Debug|x64
		{CF88C214-8A47-40EA-AF7D-BF65797C4272}.Debug|x64.Build.0 = Debug|x64
		{CF88C214-8A47-40EA-AF7D-BF65797C4272}.Debug|x86.ActiveCfg = Debug|Win32
		{CF88C214-8A47-40EA-AF7D-BF65797C4272}.Debug|x86.Build.0 = Debug|Win32
		{CF88C214-8A47-40EA-AF7D-BF65797C4272}.Release|x64.ActiveCfg = Release|x64
		{CF88C214-8A47-40EA-AF7D-BF65797C4272}.Release|x64.Build.0 = Release|x64
		{CF88C214-8A47-40EA-AF7D-BF65797C4272}.Release|x86.ActiveCfg = Release|Win32
		{CF88C214-8A47-40EA-AF7D-BF65797C4272}.Release|x86.Build.0 = Release|Win32
		{D0FB558E-EC36-4CF5-8089-06746544D7C3}.Debug|x64.ActiveCfg = Debug|x64
		{D0FB558E-EC36-4CF5-8089-06746544D7C3}.Debug|x64.Build.0 = Debug|x64
		{D0FB558E-EC36-4CF5-8089-06746544D7C3}.Debug|x86.ActiveCfg = Debug|Win32
		{D0FB558E-EC36-4CF5-8089-06746544D7C3}.Debug|x86.Build.0 = Debug|Win32
		{D0FB558E-EC36-4CF5-8089-06746544D7C3}.Release|x64.ActiveCfg = Release|x64
		{D0FB558E-EC36-4CF5-8089-06746544D7C3}.Release|x64.Build.0 = Release|x64
		{D0FB558E-EC36-4CF5-8089-06746544D7C3}.Release|x86.ActiveCfg = Release|Win32
		{D0FB558E-EC36-4CF5-8089-06746544D7C3}.Release|x86.Build.0 = Release|Win32
		{D3F02CCA-F451-45C0-9064-9818D82C8EDF}.Debug|x64.ActiveCfg = Debug|x64
		{D3F02CCA-F451-45C0-9064-9818D82C8EDF}.Debug|x64.Build.0 = Debug|x64
		{D3F02CCA-F451-45C0-9064-9818D82C8EDF}.Debug|x86.ActiveCfg = Debug|Win32
		{D3F02CCA-F451-45C0-9064-9818D82C8EDF}.Debug|x86.Build.0 = Debug|Win32
		{D3F02CCA-F451-45C0-9064-9818D82C8EDF}.Release|x64.ActiveCfg = Release|x64
		{D3F02CCA-F451-45C0-9064-9818D82C8EDF}.Release|x64.Build.0 = Release|x64
		{D3F02CCA-F451-45C0-9064-9818D82C8EDF}.Release|x86.ActiveCfg = Release|Win32
		{D3F02CCA-F451-45C0-9064-9818D82C8EDF}.Release|x86.Build.0 = Release|Win32
		{75D9295E-31B4-4A98-B9C4-C08BD2936333}.Debug|x64.ActiveCfg = Debug|x64
		{75D9295E-31B4-4A98-B9C4-C08BD2936333}.Debug|x64.Build.0 = Debug|x64
		{75D9295E-31B4-4A98-B9C4-C08BD2936333}.Debug|x86.ActiveCfg = Debug|Win32
		{75D9295E-31B4-4A98-B9C4-C08BD2936333}.Debug|x86.Build.0 = Debug|Win32
		{75D9295E-31B4-4A98-B9C4-C08BD2936333}.Release|x64.ActiveCfg = Release|x64
		{75D9295E-31B4-4A98-B9C4-C08BD2936333}.Release|x64.Build.0 = Release|x64
		{75D9295E-31B4-4A98-B9C4-C08BD2936333}.Release|x86.ActiveCfg = Release|Win32
		{75D9295E-31B4-4A98-B9C4-C08BD2936333}.Release|x86.Build.0 = Release|Win32
		{20F137C8-0685-4DDB-ABAB-0C902D7CCF2E}.Debug|x64.ActiveCfg = Debug|x64
		{20F137C8-0685-4DDB-ABAB-0C902D7CCF2E}.Debug|x64.Build.0 = Debug|x64
		{20F137C8-0685-4DDB-ABAB-0C902D7CCF2E}.Debug|x86.ActiveCfg = Debug|Win32
		{20F137C8-0685-4DDB-ABAB-0C902D7CCF2E}.Debug|x86.Build.0 = Debug|Win32
		{20F137C8-0685-4DDB-ABAB-0C902D7CCF2E}.Release|x64.ActiveCfg = Release|x64
		{20F137C8-0685-4DDB-ABAB-0C902D7CCF2E}.Release|x64.Build.0 = Release|x64
		{20F137C8-0685-4DDB-ABAB-0C902D7CCF2E}.Release|x86.ActiveCfg = Release|Win32
		{20F137C8-0685-4DDB-ABAB-0C902D7CCF2E}.Release|x86.Build.0 = Release|Win32
		{3B80BB0C-5D9E-4F8D-921C-8D9034D0B99C}.Debug|x64.ActiveCfg = Debug|x64
		{3B80BB0C-5D9E-4F8D-921C-8D9034D0B99C}.Debug|x64.Build.0 = Debug|x64
		{3B80BB0C-5D9E-4F8D-921C-8D9034D0B99C}.Debug|x86.ActiveCfg = Debug|Win32
		{3B80BB0C-5D9E-4F8D-921C-8D9034D0B99C}.Debug|x86.Build.0 = Debug|Win32
		{3B80BB0C-5D9E-4F8D-921C-8D9034D0B99C}.Release|x64.ActiveCfg = Release|x64
		{3B80BB0C-5D9E-4F8D-921C-8D9034D0B99C}.Release|x64.Build.0 = Release|x64
		{3B80BB0C-5D9E-4F8D-921C-8D9034D0B99C}.Release|x86.ActiveCfg = Release|Win32
		{3B80BB0C-5D9E-4F8D-921C-8D9034D0B99C}.Release|x86.Build.0 = Release|Win32
		{A06C503D-E8C5-49A2-8BDF-8AC8DFED5E56}.Debug|x64.ActiveCfg = Debug|x64
		{A06C503D-E8C5-49A2-8BDF-8AC8DFED5E56}.Debug|x64.Build.0 = Debug|x64
		{A06C503D-E8C5-49A2-8BDF-8AC8DFED5E56}.Debug|x86.ActiveCfg = Debug|Win32
		{A06C503D-E8C5-49A2-8BDF-8AC8DFED5E56}.Debug|x86.Build.0 = Debug|Win32
		{A06C503D-E8C5-49A2-8BDF-8AC8DFED5E56}.Release|x64.ActiveCfg = Release|x64
		{A06C503D-E8C5-49A2-8BDF-8AC8DFED5E56}.Release|x64.Build.0 = Release|x64
		{A06C503D-E8C5-49A2-8BDF-8AC8DFED5E56}.Release|x86.ActiveCfg = Release|Win32
		{A06C503D-E8C5-49A2-8BDF-8AC8DFED5E56}.Release|x86.Build.0 = Release|Win32
		{05EFFA34-6472-4645-8F5B-FDA93306E51A}.Debug|x64.ActiveCfg = Debug|x64
		{05EFFA34-6472-4645-8F5B-FDA93306E51A}.Debug|x64.Build.0 = Debug|x64
		{05EFFA34-6472-4645-8F5B-FDA93306E51A}.Debug|x86.ActiveCfg = Debug|Win32
		{05EFFA34-6472-4645-8F5B-FDA93306E51A}.Debug|x86.Build.0 = Debug|Win32
		{05EFFA34-6472-4645-8F5B-FDA93306E51A}.Release|x64.ActiveCfg = Release|x64
		{05EFFA34-6472-4645-8F5B-FDA93306E51A}.Release|x64.Build.0 = Release|x64
		{05EFFA34-6472-4645-8F5B-FDA93306E51A}.Release|x86.ActiveCfg = Release|Win32
		{05EFFA34-6472-4645-8F5B-FDA93306E51A}.Release|x86.Build.0 = Release|Win32
	EndGlobalSection
	GlobalSection(SolutionProperties) = preSolution
		HideSolutionNode = FALSE
	EndGlobalSection
	GlobalSection(ExtensibilityGlobals) = postSolution
		SolutionGuid = {4E1E7D0F-67A8-44EF-BA20-A70024359673}
	EndGlobalSection
EndGlobal
